%{
  "castore": {:hex, :castore, "0.1.2", "81adb0683c4ec8ebb97ad777ec1b050405282d55453df14567a3c73ae25932a6", [:mix], [], "hexpm"},
  "jason": {:hex, :jason, "1.1.2", "b03dedea67a99223a2eaf9f1264ce37154564de899fd3d8b9a21b1a6fd64afe7", [:mix], [{:decimal, "~> 1.0", [hex: :decimal, repo: "hexpm", optional: true]}], "hexpm"},
  "mint": {:hex, :mint, "0.4.0", "b93a10192957624ed4a8b8641eff1819019c36487bdf49e2b505afd2cc9b7911", [:mix], [{:castore, "~> 0.1.0", [hex: :castore, repo: "hexpm", optional: true]}], "hexpm"},
  "mojito": {:hex, :mojito, "0.4.0", "58b6c287cb1ae8064a12ea9ded964bac1111781414944cc987f03e5b5925b84a", [:mix], [{:castore, "~> 0.1", [hex: :castore, repo: "hexpm", optional: false]}, {:mint, "~> 0.4.0", [hex: :mint, repo: "hexpm", optional: false]}, {:poolboy, "~> 1.5", [hex: :poolboy, repo: "hexpm", optional: false]}], "hexpm"},
  "poolboy": {:hex, :poolboy, "1.5.2", "392b007a1693a64540cead79830443abf5762f5d30cf50bc95cb2c1aaafa006b", [:rebar3], [], "hexpm"},
}
